
Microsoft Visual Studio Solution File, Format Version 12.00
# Visual Studio Version 17
VisualStudioVersion = 17.1.32210.238
MinimumVisualStudioVersion = 10.0.40219.1
Project("{FAE04EC0-301F-11D3-BF4B-00C04F79EFBC}") = "BMI", "BMI\BMI.csproj", "{79064CE6-2A25-4E0D-8D7E-81FD1C117293}"
EndProject
Global
	GlobalSection(SolutionConfigurationPlatforms) = preSolution
		Debug|Any CPU = Debug|Any CPU
		Release|Any CPU = Release|Any CPU
	EndGlobalSection
	GlobalSection(ProjectConfigurationPlatforms) = postSolution
		{79064CE6-2A25-4E0D-8D7E-81FD1C117293}.Debug|Any CPU.ActiveCfg = Debug|Any CPU
		{79064CE6-2A25-4E0D-8D7E-81FD1C117293}.Debug|Any CPU.Build.0 = Debug|Any CPU
		{79064CE6-2A25-4E0D-8D7E-81FD1C117293}.Release|Any CPU.ActiveCfg = Release|Any CPU
		{79064CE6-2A25-4E0D-8D7E-81FD1C117293}.Release|Any CPU.Build.0 = Release|Any CPU
	EndGlobalSection
	GlobalSection(SolutionProperties) = preSolution
		HideSolutionNode = FALSE
	EndGlobalSection
	GlobalSection(ExtensibilityGlobals) = postSolution
		SolutionGuid = {066F31CA-2DC2-454A-8EC6-DE7B5CE5F410}
	EndGlobalSection
EndGlobal
